
Microsoft Visual Studio Solution File, Format Version 12.00
# Visual Studio Version 16
VisualStudioVersion = 16.0.31410.357
MinimumVisualStudioVersion = 10.0.40219.1
Project("{FAE04EC0-301F-11D3-BF4B-00C04F79EFBC}") = "Lab12", "Lab12\Lab12.csproj", "{44F2CB65-E653-4203-A339-D36EE25D5033}"
EndProject
Project("{FAE04EC0-301F-11D3-BF4B-00C04F79EFBC}") = "Lab3", "Lab3\Lab3.csproj", "{BCDA731B-5017-4C3F-A3C1-C0BCDCBC8731}"
EndProject
Project("{FAE04EC0-301F-11D3-BF4B-00C04F79EFBC}") = "Lab4", "Lab4\Lab4.csproj", "{86496607-1CE5-40D1-9138-AD5D22C440E2}"
EndProject
Project("{FAE04EC0-301F-11D3-BF4B-00C04F79EFBC}") = "Lab5Server", "Lab5Server\Lab5Server.csproj", "{8E37CA5B-C648-488C-82B3-FB906A8D0C11}"
EndProject
Project("{FAE04EC0-301F-11D3-BF4B-00C04F79EFBC}") = "Lab5Client", "Lab5Client\Lab5Client.csproj", "{8A819518-64D6-41DA-9B45-DE8894ACD943}"
EndProject
Global
	GlobalSection(SolutionConfigurationPlatforms) = preSolution
		Debug|Any CPU = Debug|Any CPU
		Release|Any CPU = Release|Any CPU
	EndGlobalSection
	GlobalSection(ProjectConfigurationPlatforms) = postSolution
		{44F2CB65-E653-4203-A339-D36EE25D5033}.Debug|Any CPU.ActiveCfg = Debug|Any CPU
		{44F2CB65-E653-4203-A339-D36EE25D5033}.Debug|Any CPU.Build.0 = Debug|Any CPU
		{44F2CB65-E653-4203-A339-D36EE25D5033}.Release|Any CPU.ActiveCfg = Release|Any CPU
		{44F2CB65-E653-4203-A339-D36EE25D5033}.Release|Any CPU.Build.0 = Release|Any CPU
		{BCDA731B-5017-4C3F-A3C1-C0BCDCBC8731}.Debug|Any CPU.ActiveCfg = Debug|Any CPU
		{BCDA731B-5017-4C3F-A3C1-C0BCDCBC8731}.Debug|Any CPU.Build.0 = Debug|Any CPU
		{BCDA731B-5017-4C3F-A3C1-C0BCDCBC8731}.Release|Any CPU.ActiveCfg = Release|Any CPU
		{BCDA731B-5017-4C3F-A3C1-C0BCDCBC8731}.Release|Any CPU.Build.0 = Release|Any CPU
		{86496607-1CE5-40D1-9138-AD5D22C440E2}.Debug|Any CPU.ActiveCfg = Debug|Any CPU
		{86496607-1CE5-40D1-9138-AD5D22C440E2}.Debug|Any CPU.Build.0 = Debug|Any CPU
		{86496607-1CE5-40D1-9138-AD5D22C440E2}.Release|Any CPU.ActiveCfg = Release|Any CPU
		{86496607-1CE5-40D1-9138-AD5D22C440E2}.Release|Any CPU.Build.0 = Release|Any CPU
		{8E37CA5B-C648-488C-82B3-FB906A8D0C11}.Debug|Any CPU.ActiveCfg = Debug|Any CPU
		{8E37CA5B-C648-488C-82B3-FB906A8D0C11}.Debug|Any CPU.Build.0 = Debug|Any CPU
		{8E37CA5B-C648-488C-82B3-FB906A8D0C11}.Release|Any CPU.ActiveCfg = Release|Any CPU
		{8E37CA5B-C648-488C-82B3-FB906A8D0C11}.Release|Any CPU.Build.0 = Release|Any CPU
		{8A819518-64D6-41DA-9B45-DE8894ACD943}.Debug|Any CPU.ActiveCfg = Debug|Any CPU
		{8A819518-64D6-41DA-9B45-DE8894ACD943}.Debug|Any CPU.Build.0 = Debug|Any CPU
		{8A819518-64D6-41DA-9B45-DE8894ACD943}.Release|Any CPU.ActiveCfg = Release|Any CPU
		{8A819518-64D6-41DA-9B45-DE8894ACD943}.Release|Any CPU.Build.0 = Release|Any CPU
	EndGlobalSection
	GlobalSection(SolutionProperties) = preSolution
		HideSolutionNode = FALSE
	EndGlobalSection
	GlobalSection(ExtensibilityGlobals) = postSolution
		SolutionGuid = {674A4DB9-4628-4FF4-BD57-43AD4E810610}
	EndGlobalSection
EndGlobal
